// !$*UTF8*$!
{
	archiveVersion = 1;
	classes = {
	};
	objectVersion = 77;
	objects = {

/* Begin PBXBuildFile section */
		EA5E10000000000000000050 /* EaselPhotoEditing.appex in Embed Foundation Extensions */ = {isa = PBXBuildFile; fileRef = EA5E10000000000000000011 /* EaselPhotoEditing.appex */; settings = {ATTRIBUTES = (RemoveHeadersOnCopy, ); }; };
		EA5E10000000000000000051 /* EaselThumbnail.appex in Embed Foundation Extensions */ = {isa = PBXBuildFile; fileRef = EA5E10000000000000000013 /* EaselThumbnail.appex */; settings = {ATTRIBUTES = (RemoveHeadersOnCopy, ); }; };
/* End PBXBuildFile section */

/* Begin PBXContainerItemProxy section */
		EA5E10000000000000000060 /* PBXContainerItemProxy */ = {
			isa = PBXContainerItemProxy;
			containerPortal = EA5E10000000000000000001 /* Project object */;
			proxyType = 1;
			remoteGlobalIDString = EA5E10000000000000000031;
			remoteInfo = EaselPhotoEditing;
		};
		EA5E10000000000000000061 /* PBXContainerItemProxy */ = {
			isa = PBXContainerItemProxy;
			containerPortal = EA5E10000000000000000001 /* Project object */;
			proxyType = 1;
			remoteGlobalIDString = EA5E10000000000000000030;
			remoteInfo = Easel;
		};
		EA5E10000000000000000064 /* PBXContainerItemProxy */ = {
			isa = PBXContainerItemProxy;
			containerPortal = EA5E10000000000000000001 /* Project object */;
			proxyType = 1;
			remoteGlobalIDString = EA5E10000000000000000033;
			remoteInfo = EaselThumbnail;
		};
/* End PBXContainerItemProxy section */

/* Begin PBXCopyFilesBuildPhase section */
		EA5E10000000000000000042 /* Embed Foundation Extensions */ = {
			isa = PBXCopyFilesBuildPhase;
			buildActionMask = 2147483647;
			dstPath = "";
			dstSubfolderSpec = 13;
			files = (
				EA5E10000000000000000050 /* EaselPhotoEditing.appex in Embed Foundation Extensions */,
				EA5E10000000000000000051 /* EaselThumbnail.appex in Embed Foundation Extensions */,
			);
			name = "Embed Foundation Extensions";
			runOnlyForDeploymentPostprocessing = 0;
		};
/* End PBXCopyFilesBuildPhase section */

/* Begin PBXFileReference section */
		EA5E10000000000000000010 /* Easel.app */ = {isa = PBXFileReference; explicitFileType = wrapper.application; includeInIndex = 0; path = Easel.app; sourceTree = BUILT_PRODUCTS_DIR; };
		EA5E10000000000000000011 /* EaselPhotoEditing.appex */ = {isa = PBXFileReference; explicitFileType = "wrapper.app-extension"; includeInIndex = 0; path = EaselPhotoEditing.appex; sourceTree = BUILT_PRODUCTS_DIR; };
		EA5E10000000000000000012 /* EaselTests.xctest */ = {isa = PBXFileReference; explicitFileType = wrapper.cfbundle; includeInIndex = 0; path = EaselTests.xctest; sourceTree = BUILT_PRODUCTS_DIR; };
		EA5E10000000000000000013 /* EaselThumbnail.appex */ = {isa = PBXFileReference; explicitFileType = "wrapper.app-extension"; includeInIndex = 0; path = EaselThumbnail.appex; sourceTree = BUILT_PRODUCTS_DIR; };
/* End PBXFileReference section */

/* Begin PBXFileSystemSynchronizedBuildFileExceptionSet section */
		EA5E10000000000000000024 /* Exceptions for "Easel" folder in "Easel" target */ = {
			isa = PBXFileSystemSynchronizedBuildFileExceptionSet;
			membershipExceptions = (
				Support/Easel.entitlements,
				Support/Info.plist,
			);
			target = EA5E10000000000000000030 /* Easel */;
		};
		EA5E10000000000000000025 /* Exceptions for "EaselPhotoEditing" folder in "EaselPhotoEditing" target */ = {
			isa = PBXFileSystemSynchronizedBuildFileExceptionSet;
			membershipExceptions = (
				EaselPhotoEditing.entitlements,
				Info.plist,
			);
			target = EA5E10000000000000000031 /* EaselPhotoEditing */;
		};
		EA5E10000000000000000027 /* Exceptions for "EaselThumbnail" folder in "EaselThumbnail" target */ = {
			isa = PBXFileSystemSynchronizedBuildFileExceptionSet;
			membershipExceptions = (
				EaselThumbnail.entitlements,
				Info.plist,
			);
			target = EA5E10000000000000000033 /* EaselThumbnail */;
		};
/* End PBXFileSystemSynchronizedBuildFileExceptionSet section */

/* Begin PBXFileSystemSynchronizedRootGroup section */
		EA5E10000000000000000020 /* Easel */ = {
			isa = PBXFileSystemSynchronizedRootGroup;
			exceptions = (
				EA5E10000000000000000024 /* Exceptions for "Easel" folder in "Easel" target */,
			);
			path = Easel;
			sourceTree = "<group>";
		};
		EA5E10000000000000000021 /* Shared */ = {
			isa = PBXFileSystemSynchronizedRootGroup;
			path = Shared;
			sourceTree = "<group>";
		};
		EA5E10000000000000000022 /* EaselPhotoEditing */ = {
			isa = PBXFileSystemSynchronizedRootGroup;
			exceptions = (
				EA5E10000000000000000025 /* Exceptions for "EaselPhotoEditing" folder in "EaselPhotoEditing" target */,
			);
			path = EaselPhotoEditing;
			sourceTree = "<group>";
		};
		EA5E10000000000000000023 /* EaselTests */ = {
			isa = PBXFileSystemSynchronizedRootGroup;
			path = EaselTests;
			sourceTree = "<group>";
		};
		EA5E10000000000000000026 /* EaselThumbnail */ = {
			isa = PBXFileSystemSynchronizedRootGroup;
			exceptions = (
				EA5E10000000000000000027 /* Exceptions for "EaselThumbnail" folder in "EaselThumbnail" target */,
			);
			path = EaselThumbnail;
			sourceTree = "<group>";
		};
/* End PBXFileSystemSynchronizedRootGroup section */

/* Begin PBXGroup section */
		EA5E10000000000000000002 = {
			isa = PBXGroup;
			children = (
				EA5E10000000000000000020 /* Easel */,
				EA5E10000000000000000021 /* Shared */,
				EA5E10000000000000000022 /* EaselPhotoEditing */,
				EA5E10000000000000000026 /* EaselThumbnail */,
				EA5E10000000000000000023 /* EaselTests */,
				EA5E10000000000000000003 /* Products */,
			);
			sourceTree = "<group>";
		};
		EA5E10000000000000000003 /* Products */ = {
			isa = PBXGroup;
			children = (
				EA5E10000000000000000010 /* Easel.app */,
				EA5E10000000000000000011 /* EaselPhotoEditing.appex */,
				EA5E10000000000000000013 /* EaselThumbnail.appex */,
				EA5E10000000000000000012 /* EaselTests.xctest */,
			);
			name = Products;
			sourceTree = "<group>";
		};
/* End PBXGroup section */

/* Begin PBXNativeTarget section */
		EA5E10000000000000000030 /* Easel */ = {
			isa = PBXNativeTarget;
			buildConfigurationList = EA5E10000000000000000071 /* Build configuration list for PBXNativeTarget "Easel" */;
			buildPhases = (
				EA5E10000000000000000040 /* Sources */,
				EA5E10000000000000000041 /* Resources */,
				EA5E10000000000000000042 /* Embed Foundation Extensions */,
			);
			buildRules = (
			);
			dependencies = (
				EA5E10000000000000000062 /* PBXTargetDependency */,
				EA5E10000000000000000065 /* PBXTargetDependency */,
			);
			fileSystemSynchronizedGroups = (
				EA5E10000000000000000020 /* Easel */,
				EA5E10000000000000000021 /* Shared */,
			);
			name = Easel;
			packageProductDependencies = (
			);
			productName = Easel;
			productReference = EA5E10000000000000000010 /* Easel.app */;
			productType = "com.apple.product-type.application";
		};
		EA5E10000000000000000031 /* EaselPhotoEditing */ = {
			isa = PBXNativeTarget;
			buildConfigurationList = EA5E10000000000000000072 /* Build configuration list for PBXNativeTarget "EaselPhotoEditing" */;
			buildPhases = (
				EA5E10000000000000000043 /* Sources */,
				EA5E10000000000000000044 /* Resources */,
			);
			buildRules = (
			);
			dependencies = (
			);
			fileSystemSynchronizedGroups = (
				EA5E10000000000000000022 /* EaselPhotoEditing */,
				EA5E10000000000000000021 /* Shared */,
			);
			name = EaselPhotoEditing;
			packageProductDependencies = (
			);
			productName = EaselPhotoEditing;
			productReference = EA5E10000000000000000011 /* EaselPhotoEditing.appex */;
			productType = "com.apple.product-type.app-extension";
		};
		EA5E10000000000000000032 /* EaselTests */ = {
			isa = PBXNativeTarget;
			buildConfigurationList = EA5E10000000000000000073 /* Build configuration list for PBXNativeTarget "EaselTests" */;
			buildPhases = (
				EA5E10000000000000000045 /* Sources */,
				EA5E10000000000000000046 /* Resources */,
			);
			buildRules = (
			);
			dependencies = (
				EA5E10000000000000000063 /* PBXTargetDependency */,
			);
			fileSystemSynchronizedGroups = (
				EA5E10000000000000000023 /* EaselTests */,
			);
			name = EaselTests;
			packageProductDependencies = (
			);
			productName = EaselTests;
			productReference = EA5E10000000000000000012 /* EaselTests.xctest */;
			productType = "com.apple.product-type.bundle.unit-test";
		};
		EA5E10000000000000000033 /* EaselThumbnail */ = {
			isa = PBXNativeTarget;
			buildConfigurationList = EA5E10000000000000000074 /* Build configuration list for PBXNativeTarget "EaselThumbnail" */;
			buildPhases = (
				EA5E10000000000000000047 /* Sources */,
				EA5E10000000000000000048 /* Resources */,
			);
			buildRules = (
			);
			dependencies = (
			);
			fileSystemSynchronizedGroups = (
				EA5E10000000000000000026 /* EaselThumbnail */,
				EA5E10000000000000000021 /* Shared */,
			);
			name = EaselThumbnail;
			packageProductDependencies = (
			);
			productName = EaselThumbnail;
			productReference = EA5E10000000000000000013 /* EaselThumbnail.appex */;
			productType = "com.apple.product-type.app-extension";
		};
/* End PBXNativeTarget section */

/* Begin PBXProject section */
		EA5E10000000000000000001 /* Project object */ = {
			isa = PBXProject;
			attributes = {
				BuildIndependentTargetsInParallel = YES;
				LastSwiftUpdateCheck = 2700;
				LastUpgradeCheck = 2700;
				TargetAttributes = {
					EA5E10000000000000000030 = {
						CreatedOnToolsVersion = 27.0;
					};
					EA5E10000000000000000031 = {
						CreatedOnToolsVersion = 27.0;
					};
					EA5E10000000000000000033 = {
						CreatedOnToolsVersion = 27.0;
					};
					EA5E10000000000000000032 = {
						CreatedOnToolsVersion = 27.0;
						TestTargetID = EA5E10000000000000000030;
					};
				};
			};
			buildConfigurationList = EA5E10000000000000000070 /* Build configuration list for PBXProject "Easel" */;
			developmentRegion = en;
			hasScannedForEncodings = 0;
			knownRegions = (
				Base,
				en,
				ja,
				ko,
				"zh-Hans",
				"zh-Hant",
			);
			mainGroup = EA5E10000000000000000002;
			minimizedProjectReferenceProxies = 1;
			preferredProjectObjectVersion = 77;
			productRefGroup = EA5E10000000000000000003 /* Products */;
			projectDirPath = "";
			projectRoot = "";
			targets = (
				EA5E10000000000000000030 /* Easel */,
				EA5E10000000000000000031 /* EaselPhotoEditing */,
				EA5E10000000000000000033 /* EaselThumbnail */,
				EA5E10000000000000000032 /* EaselTests */,
			);
		};
/* End PBXProject section */

/* Begin PBXResourcesBuildPhase section */
		EA5E10000000000000000041 /* Resources */ = {
			isa = PBXResourcesBuildPhase;
			buildActionMask = 2147483647;
			files = (
			);
			runOnlyForDeploymentPostprocessing = 0;
		};
		EA5E10000000000000000044 /* Resources */ = {
			isa = PBXResourcesBuildPhase;
			buildActionMask = 2147483647;
			files = (
			);
			runOnlyForDeploymentPostprocessing = 0;
		};
		EA5E10000000000000000046 /* Resources */ = {
			isa = PBXResourcesBuildPhase;
			buildActionMask = 2147483647;
			files = (
			);
			runOnlyForDeploymentPostprocessing = 0;
		};
		EA5E10000000000000000048 /* Resources */ = {
			isa = PBXResourcesBuildPhase;
			buildActionMask = 2147483647;
			files = (
			);
			runOnlyForDeploymentPostprocessing = 0;
		};
/* End PBXResourcesBuildPhase section */

/* Begin PBXSourcesBuildPhase section */
		EA5E10000000000000000040 /* Sources */ = {
			isa = PBXSourcesBuildPhase;
			buildActionMask = 2147483647;
			files = (
			);
			runOnlyForDeploymentPostprocessing = 0;
		};
		EA5E10000000000000000043 /* Sources */ = {
			isa = PBXSourcesBuildPhase;
			buildActionMask = 2147483647;
			files = (
			);
			runOnlyForDeploymentPostprocessing = 0;
		};
		EA5E10000000000000000045 /* Sources */ = {
			isa = PBXSourcesBuildPhase;
			buildActionMask = 2147483647;
			files = (
			);
			runOnlyForDeploymentPostprocessing = 0;
		};
		EA5E10000000000000000047 /* Sources */ = {
			isa = PBXSourcesBuildPhase;
			buildActionMask = 2147483647;
			files = (
			);
			runOnlyForDeploymentPostprocessing = 0;
		};
/* End PBXSourcesBuildPhase section */

/* Begin PBXTargetDependency section */
		EA5E10000000000000000062 /* PBXTargetDependency */ = {
			isa = PBXTargetDependency;
			target = EA5E10000000000000000031 /* EaselPhotoEditing */;
			targetProxy = EA5E10000000000000000060 /* PBXContainerItemProxy */;
		};
		EA5E10000000000000000063 /* PBXTargetDependency */ = {
			isa = PBXTargetDependency;
			target = EA5E10000000000000000030 /* Easel */;
			targetProxy = EA5E10000000000000000061 /* PBXContainerItemProxy */;
		};
		EA5E10000000000000000065 /* PBXTargetDependency */ = {
			isa = PBXTargetDependency;
			target = EA5E10000000000000000033 /* EaselThumbnail */;
			targetProxy = EA5E10000000000000000064 /* PBXContainerItemProxy */;
		};
/* End PBXTargetDependency section */

/* Begin XCBuildConfiguration section */
		EA5E10000000000000000080 /* Debug */ = {
			isa = XCBuildConfiguration;
			buildSettings = {
				ALWAYS_SEARCH_USER_PATHS = NO;
				CLANG_ANALYZER_NONNULL = YES;
				CLANG_ANALYZER_NUMBER_OBJECT_CONVERSION = YES_AGGRESSIVE;
				CLANG_CXX_LANGUAGE_STANDARD = "gnu++14";
				CLANG_CXX_LIBRARY = "libc++";
				CLANG_ENABLE_MODULES = YES;
				CLANG_ENABLE_OBJC_ARC = YES;
				CLANG_ENABLE_OBJC_WEAK = YES;
				CLANG_WARN_BLOCK_CAPTURE_AUTORELEASING = YES;
				CLANG_WARN_BOOL_CONVERSION = YES;
				CLANG_WARN_COMMA = YES;
				CLANG_WARN_CONSTANT_CONVERSION = YES;
				CLANG_WARN_DEPRECATED_OBJC_IMPLEMENTATIONS = YES;
				CLANG_WARN_DIRECT_OBJC_ISA_USAGE = YES_ERROR;
				CLANG_WARN_DOCUMENTATION_COMMENTS = YES;
				CLANG_WARN_EMPTY_BODY = YES;
				CLANG_WARN_ENUM_CONVERSION = YES;
				CLANG_WARN_INFINITE_RECURSION = YES;
				CLANG_WARN_INT_CONVERSION = YES;
				CLANG_WARN_NON_LITERAL_NULL_CONVERSION = YES;
				CLANG_WARN_OBJC_IMPLICIT_RETAIN_SELF = YES;
				CLANG_WARN_OBJC_LITERAL_CONVERSION = YES;
				CLANG_WARN_OBJC_ROOT_CLASS = YES_ERROR;
				CLANG_WARN_QUOTED_INCLUDE_IN_FRAMEWORK_HEADER = YES;
				CLANG_WARN_RANGE_LOOP_ANALYSIS = YES;
				CLANG_WARN_STRICT_PROTOTYPES = YES;
				CLANG_WARN_SUSPICIOUS_MOVE = YES;
				CLANG_WARN_UNGUARDED_AVAILABILITY = YES_AGGRESSIVE;
				CLANG_WARN_UNREACHABLE_CODE = YES;
				CLANG_WARN__DUPLICATE_METHOD_MATCH = YES;
				CODE_SIGN_STYLE = Automatic;
				COPY_PHASE_STRIP = NO;
				CURRENT_PROJECT_VERSION = 1;
				DEBUG_INFORMATION_FORMAT = dwarf;
				DEVELOPMENT_TEAM = "";
				ENABLE_STRICT_OBJC_MSGSEND = YES;
				ENABLE_TESTABILITY = YES;
				ENABLE_USER_SCRIPT_SANDBOXING = YES;
				GCC_C_LANGUAGE_STANDARD = gnu11;
				GCC_DYNAMIC_NO_PIC = NO;
				GCC_NO_COMMON_BLOCKS = YES;
				GCC_OPTIMIZATION_LEVEL = 0;
				GCC_PREPROCESSOR_DEFINITIONS = (
					"$(inherited)",
					"DEBUG=1",
				);
				GCC_WARN_64_TO_32_BIT_CONVERSION = YES;
				GCC_WARN_ABOUT_RETURN_TYPE = YES_ERROR;
				GCC_WARN_UNDECLARED_SELECTOR = YES;
				GCC_WARN_UNINITIALIZED_AUTOS = YES_AGGRESSIVE;
				GCC_WARN_UNUSED_FUNCTION = YES;
				GCC_WARN_UNUSED_VARIABLE = YES;
				IPHONEOS_DEPLOYMENT_TARGET = 26.0;
				MARKETING_VERSION = 1.0;
				MTL_ENABLE_DEBUG_INFO = INCLUDE_SOURCE;
				MTL_FAST_MATH = YES;
				ONLY_ACTIVE_ARCH = YES;
				PRODUCT_NAME = "$(TARGET_NAME)";
				SDKROOT = iphoneos;
				SWIFT_ACTIVE_COMPILATION_CONDITIONS = DEBUG;
				SWIFT_OPTIMIZATION_LEVEL = "-Onone";
				SWIFT_STRICT_CONCURRENCY = complete;
				SWIFT_VERSION = 6.0;
			};
			name = Debug;
		};
		EA5E10000000000000000081 /* Release */ = {
			isa = XCBuildConfiguration;
			buildSettings = {
				ALWAYS_SEARCH_USER_PATHS = NO;
				CLANG_ANALYZER_NONNULL = YES;
				CLANG_ANALYZER_NUMBER_OBJECT_CONVERSION = YES_AGGRESSIVE;
				CLANG_CXX_LANGUAGE_STANDARD = "gnu++14";
				CLANG_CXX_LIBRARY = "libc++";
				CLANG_ENABLE_MODULES = YES;
				CLANG_ENABLE_OBJC_ARC = YES;
				CLANG_ENABLE_OBJC_WEAK = YES;
				CLANG_WARN_BLOCK_CAPTURE_AUTORELEASING = YES;
				CLANG_WARN_BOOL_CONVERSION = YES;
				CLANG_WARN_COMMA = YES;
				CLANG_WARN_CONSTANT_CONVERSION = YES;
				CLANG_WARN_DEPRECATED_OBJC_IMPLEMENTATIONS = YES;
				CLANG_WARN_DIRECT_OBJC_ISA_USAGE = YES_ERROR;
				CLANG_WARN_DOCUMENTATION_COMMENTS = YES;
				CLANG_WARN_EMPTY_BODY = YES;
				CLANG_WARN_ENUM_CONVERSION = YES;
				CLANG_WARN_INFINITE_RECURSION = YES;
				CLANG_WARN_INT_CONVERSION = YES;
				CLANG_WARN_NON_LITERAL_NULL_CONVERSION = YES;
				CLANG_WARN_OBJC_IMPLICIT_RETAIN_SELF = YES;
				CLANG_WARN_OBJC_LITERAL_CONVERSION = YES;
				CLANG_WARN_OBJC_ROOT_CLASS = YES_ERROR;
				CLANG_WARN_QUOTED_INCLUDE_IN_FRAMEWORK_HEADER = YES;
				CLANG_WARN_RANGE_LOOP_ANALYSIS = YES;
				CLANG_WARN_STRICT_PROTOTYPES = YES;
				CLANG_WARN_SUSPICIOUS_MOVE = YES;
				CLANG_WARN_UNGUARDED_AVAILABILITY = YES_AGGRESSIVE;
				CLANG_WARN_UNREACHABLE_CODE = YES;
				CLANG_WARN__DUPLICATE_METHOD_MATCH = YES;
				CODE_SIGN_STYLE = Automatic;
				COPY_PHASE_STRIP = NO;
				CURRENT_PROJECT_VERSION = 1;
				DEBUG_INFORMATION_FORMAT = "dwarf-with-dsym";
				DEVELOPMENT_TEAM = "";
				ENABLE_NS_ASSERTIONS = NO;
				ENABLE_STRICT_OBJC_MSGSEND = YES;
				ENABLE_USER_SCRIPT_SANDBOXING = YES;
				GCC_C_LANGUAGE_STANDARD = gnu11;
				GCC_NO_COMMON_BLOCKS = YES;
				GCC_WARN_64_TO_32_BIT_CONVERSION = YES;
				GCC_WARN_ABOUT_RETURN_TYPE = YES_ERROR;
				GCC_WARN_UNDECLARED_SELECTOR = YES;
				GCC_WARN_UNINITIALIZED_AUTOS = YES_AGGRESSIVE;
				GCC_WARN_UNUSED_FUNCTION = YES;
				GCC_WARN_UNUSED_VARIABLE = YES;
				IPHONEOS_DEPLOYMENT_TARGET = 26.0;
				MARKETING_VERSION = 1.0;
				MTL_ENABLE_DEBUG_INFO = NO;
				MTL_FAST_MATH = YES;
				PRODUCT_NAME = "$(TARGET_NAME)";
				SDKROOT = iphoneos;
				SWIFT_COMPILATION_MODE = wholemodule;
				SWIFT_OPTIMIZATION_LEVEL = "-O";
				SWIFT_STRICT_CONCURRENCY = complete;
				SWIFT_VERSION = 6.0;
			};
			name = Release;
		};
		EA5E10000000000000000082 /* Debug */ = {
			isa = XCBuildConfiguration;
			buildSettings = {
				CODE_SIGN_ENTITLEMENTS = Easel/Support/Easel.entitlements;
				ASSETCATALOG_COMPILER_APPICON_NAME = AppIcon;
				ASSETCATALOG_COMPILER_GLOBAL_ACCENT_COLOR_NAME = AccentColor;
				CODE_SIGN_IDENTITY = "iPhone Developer";
				CURRENT_PROJECT_VERSION = 1;
				DEVELOPMENT_TEAM = YYM4Z6MU8F;
				GENERATE_INFOPLIST_FILE = NO;
				INFOPLIST_FILE = Easel/Support/Info.plist;
				INFOPLIST_KEY_LSApplicationCategoryType = "public.app-category.photography";
				LD_RUNPATH_SEARCH_PATHS = (
					"$(inherited)",
					"@executable_path/Frameworks",
				);
				PRODUCT_BUNDLE_IDENTIFIER = com.tsubuzaki.Easel;
				PRODUCT_NAME = Easel;
				SDKROOT = iphoneos;
				SUPPORTED_PLATFORMS = "iphoneos iphonesimulator";
				SUPPORTS_MACCATALYST = NO;
				SUPPORTS_MAC_DESIGNED_FOR_IPHONE_IPAD = NO;
				SUPPORTS_XR_DESIGNED_FOR_IPHONE_IPAD = YES;
				SWIFT_EMIT_LOC_STRINGS = YES;
				TARGETED_DEVICE_FAMILY = "1,2";
			};
			name = Debug;
		};
		EA5E10000000000000000083 /* Release */ = {
			isa = XCBuildConfiguration;
			buildSettings = {
				CODE_SIGN_ENTITLEMENTS = Easel/Support/Easel.entitlements;
				ASSETCATALOG_COMPILER_APPICON_NAME = AppIcon;
				ASSETCATALOG_COMPILER_GLOBAL_ACCENT_COLOR_NAME = AccentColor;
				CODE_SIGN_IDENTITY = "iPhone Developer";
				CURRENT_PROJECT_VERSION = 1;
				DEVELOPMENT_TEAM = YYM4Z6MU8F;
				GENERATE_INFOPLIST_FILE = NO;
				INFOPLIST_FILE = Easel/Support/Info.plist;
				INFOPLIST_KEY_LSApplicationCategoryType = "public.app-category.photography";
				LD_RUNPATH_SEARCH_PATHS = (
					"$(inherited)",
					"@executable_path/Frameworks",
				);
				PRODUCT_BUNDLE_IDENTIFIER = com.tsubuzaki.Easel;
				PRODUCT_NAME = Easel;
				SDKROOT = iphoneos;
				SUPPORTED_PLATFORMS = "iphoneos iphonesimulator";
				SUPPORTS_MACCATALYST = NO;
				SUPPORTS_MAC_DESIGNED_FOR_IPHONE_IPAD = NO;
				SUPPORTS_XR_DESIGNED_FOR_IPHONE_IPAD = YES;
				SWIFT_EMIT_LOC_STRINGS = YES;
				TARGETED_DEVICE_FAMILY = "1,2";
			};
			name = Release;
		};
		EA5E10000000000000000084 /* Debug */ = {
			isa = XCBuildConfiguration;
			buildSettings = {
				CODE_SIGN_ENTITLEMENTS = EaselPhotoEditing/EaselPhotoEditing.entitlements;
				APPLICATION_EXTENSION_API_ONLY = YES;
				ASSETCATALOG_COMPILER_GLOBAL_ACCENT_COLOR_NAME = AccentColor;
				CODE_SIGN_IDENTITY = "iPhone Developer";
				CURRENT_PROJECT_VERSION = 1;
				DEVELOPMENT_TEAM = YYM4Z6MU8F;
				GENERATE_INFOPLIST_FILE = YES;
				INFOPLIST_FILE = EaselPhotoEditing/Info.plist;
				INFOPLIST_KEY_CFBundleDisplayName = Easel;
				LD_RUNPATH_SEARCH_PATHS = (
					"$(inherited)",
					"@executable_path/Frameworks",
					"@executable_path/../../Frameworks",
				);
				PRODUCT_BUNDLE_IDENTIFIER = com.tsubuzaki.Easel.PhotoEditing;
				PRODUCT_NAME = "$(TARGET_NAME)";
				SDKROOT = iphoneos;
				SKIP_INSTALL = YES;
				SUPPORTED_PLATFORMS = "iphoneos iphonesimulator";
				SUPPORTS_MACCATALYST = NO;
				SUPPORTS_MAC_DESIGNED_FOR_IPHONE_IPAD = NO;
				SUPPORTS_XR_DESIGNED_FOR_IPHONE_IPAD = YES;
				SWIFT_EMIT_LOC_STRINGS = YES;
				TARGETED_DEVICE_FAMILY = "1,2";
			};
			name = Debug;
		};
		EA5E10000000000000000085 /* Release */ = {
			isa = XCBuildConfiguration;
			buildSettings = {
				CODE_SIGN_ENTITLEMENTS = EaselPhotoEditing/EaselPhotoEditing.entitlements;
				APPLICATION_EXTENSION_API_ONLY = YES;
				ASSETCATALOG_COMPILER_GLOBAL_ACCENT_COLOR_NAME = AccentColor;
				CODE_SIGN_IDENTITY = "iPhone Developer";
				CURRENT_PROJECT_VERSION = 1;
				DEVELOPMENT_TEAM = YYM4Z6MU8F;
				GENERATE_INFOPLIST_FILE = YES;
				INFOPLIST_FILE = EaselPhotoEditing/Info.plist;
				INFOPLIST_KEY_CFBundleDisplayName = Easel;
				LD_RUNPATH_SEARCH_PATHS = (
					"$(inherited)",
					"@executable_path/Frameworks",
					"@executable_path/../../Frameworks",
				);
				PRODUCT_BUNDLE_IDENTIFIER = com.tsubuzaki.Easel.PhotoEditing;
				PRODUCT_NAME = "$(TARGET_NAME)";
				SDKROOT = iphoneos;
				SKIP_INSTALL = YES;
				SUPPORTED_PLATFORMS = "iphoneos iphonesimulator";
				SUPPORTS_MACCATALYST = NO;
				SUPPORTS_MAC_DESIGNED_FOR_IPHONE_IPAD = NO;
				SUPPORTS_XR_DESIGNED_FOR_IPHONE_IPAD = YES;
				SWIFT_EMIT_LOC_STRINGS = YES;
				TARGETED_DEVICE_FAMILY = "1,2";
			};
			name = Release;
		};
		EA5E10000000000000000086 /* Debug */ = {
			isa = XCBuildConfiguration;
			buildSettings = {
				BUNDLE_LOADER = "$(TEST_HOST)";
				DEVELOPMENT_TEAM = YYM4Z6MU8F;
				GENERATE_INFOPLIST_FILE = YES;
				LD_RUNPATH_SEARCH_PATHS = (
					"$(inherited)",
					"@executable_path/Frameworks",
					"@loader_path/Frameworks",
				);
				PRODUCT_BUNDLE_IDENTIFIER = com.tsubuzaki.Easel.tests;
				SDKROOT = iphoneos;
				SUPPORTED_PLATFORMS = "iphoneos iphonesimulator";
				SUPPORTS_MACCATALYST = NO;
				TARGETED_DEVICE_FAMILY = "1,2";
				TEST_HOST = "$(BUILT_PRODUCTS_DIR)/Easel.app/Easel";
			};
			name = Debug;
		};
		EA5E10000000000000000087 /* Release */ = {
			isa = XCBuildConfiguration;
			buildSettings = {
				BUNDLE_LOADER = "$(TEST_HOST)";
				DEVELOPMENT_TEAM = YYM4Z6MU8F;
				GENERATE_INFOPLIST_FILE = YES;
				LD_RUNPATH_SEARCH_PATHS = (
					"$(inherited)",
					"@executable_path/Frameworks",
					"@loader_path/Frameworks",
				);
				PRODUCT_BUNDLE_IDENTIFIER = com.tsubuzaki.Easel.tests;
				SDKROOT = iphoneos;
				SUPPORTED_PLATFORMS = "iphoneos iphonesimulator";
				SUPPORTS_MACCATALYST = NO;
				TARGETED_DEVICE_FAMILY = "1,2";
				TEST_HOST = "$(BUILT_PRODUCTS_DIR)/Easel.app/Easel";
			};
			name = Release;
		};
		EA5E10000000000000000088 /* Debug */ = {
			isa = XCBuildConfiguration;
			buildSettings = {
				CODE_SIGN_ENTITLEMENTS = EaselThumbnail/EaselThumbnail.entitlements;
				APPLICATION_EXTENSION_API_ONLY = YES;
				ASSETCATALOG_COMPILER_GLOBAL_ACCENT_COLOR_NAME = AccentColor;
				CODE_SIGN_IDENTITY = "iPhone Developer";
				CURRENT_PROJECT_VERSION = 1;
				DEVELOPMENT_TEAM = YYM4Z6MU8F;
				GENERATE_INFOPLIST_FILE = YES;
				INFOPLIST_FILE = EaselThumbnail/Info.plist;
				INFOPLIST_KEY_CFBundleDisplayName = Easel;
				LD_RUNPATH_SEARCH_PATHS = (
					"$(inherited)",
					"@executable_path/Frameworks",
					"@executable_path/../../Frameworks",
				);
				PRODUCT_BUNDLE_IDENTIFIER = com.tsubuzaki.Easel.Thumbnail;
				PRODUCT_NAME = "$(TARGET_NAME)";
				SDKROOT = iphoneos;
				SKIP_INSTALL = YES;
				SUPPORTED_PLATFORMS = "iphoneos iphonesimulator";
				SUPPORTS_MACCATALYST = NO;
				SUPPORTS_MAC_DESIGNED_FOR_IPHONE_IPAD = NO;
				SUPPORTS_XR_DESIGNED_FOR_IPHONE_IPAD = YES;
				SWIFT_EMIT_LOC_STRINGS = YES;
				TARGETED_DEVICE_FAMILY = "1,2";
			};
			name = Debug;
		};
		EA5E10000000000000000089 /* Release */ = {
			isa = XCBuildConfiguration;
			buildSettings = {
				CODE_SIGN_ENTITLEMENTS = EaselThumbnail/EaselThumbnail.entitlements;
				APPLICATION_EXTENSION_API_ONLY = YES;
				ASSETCATALOG_COMPILER_GLOBAL_ACCENT_COLOR_NAME = AccentColor;
				CODE_SIGN_IDENTITY = "iPhone Developer";
				CURRENT_PROJECT_VERSION = 1;
				DEVELOPMENT_TEAM = YYM4Z6MU8F;
				GENERATE_INFOPLIST_FILE = YES;
				INFOPLIST_FILE = EaselThumbnail/Info.plist;
				INFOPLIST_KEY_CFBundleDisplayName = Easel;
				LD_RUNPATH_SEARCH_PATHS = (
					"$(inherited)",
					"@executable_path/Frameworks",
					"@executable_path/../../Frameworks",
				);
				PRODUCT_BUNDLE_IDENTIFIER = com.tsubuzaki.Easel.Thumbnail;
				PRODUCT_NAME = "$(TARGET_NAME)";
				SDKROOT = iphoneos;
				SKIP_INSTALL = YES;
				SUPPORTED_PLATFORMS = "iphoneos iphonesimulator";
				SUPPORTS_MACCATALYST = NO;
				SUPPORTS_MAC_DESIGNED_FOR_IPHONE_IPAD = NO;
				SUPPORTS_XR_DESIGNED_FOR_IPHONE_IPAD = YES;
				SWIFT_EMIT_LOC_STRINGS = YES;
				TARGETED_DEVICE_FAMILY = "1,2";
			};
			name = Release;
		};
/* End XCBuildConfiguration section */

/* Begin XCConfigurationList section */
		EA5E10000000000000000070 /* Build configuration list for PBXProject "Easel" */ = {
			isa = XCConfigurationList;
			buildConfigurations = (
				EA5E10000000000000000080 /* Debug */,
				EA5E10000000000000000081 /* Release */,
			);
			defaultConfigurationIsVisible = 0;
			defaultConfigurationName = Release;
		};
		EA5E10000000000000000071 /* Build configuration list for PBXNativeTarget "Easel" */ = {
			isa = XCConfigurationList;
			buildConfigurations = (
				EA5E10000000000000000082 /* Debug */,
				EA5E10000000000000000083 /* Release */,
			);
			defaultConfigurationIsVisible = 0;
			defaultConfigurationName = Release;
		};
		EA5E10000000000000000072 /* Build configuration list for PBXNativeTarget "EaselPhotoEditing" */ = {
			isa = XCConfigurationList;
			buildConfigurations = (
				EA5E10000000000000000084 /* Debug */,
				EA5E10000000000000000085 /* Release */,
			);
			defaultConfigurationIsVisible = 0;
			defaultConfigurationName = Release;
		};
		EA5E10000000000000000073 /* Build configuration list for PBXNativeTarget "EaselTests" */ = {
			isa = XCConfigurationList;
			buildConfigurations = (
				EA5E10000000000000000086 /* Debug */,
				EA5E10000000000000000087 /* Release */,
			);
			defaultConfigurationIsVisible = 0;
			defaultConfigurationName = Release;
		};
		EA5E10000000000000000074 /* Build configuration list for PBXNativeTarget "EaselThumbnail" */ = {
			isa = XCConfigurationList;
			buildConfigurations = (
				EA5E10000000000000000088 /* Debug */,
				EA5E10000000000000000089 /* Release */,
			);
			defaultConfigurationIsVisible = 0;
			defaultConfigurationName = Release;
		};
/* End XCConfigurationList section */
	};
	rootObject = EA5E10000000000000000001 /* Project object */;
}
